
Microsoft Visual Studio Solution File, Format Version 10.00
# Visual Studio 2008
Project("{8BC9CEB8-8B4A-11D0-8D11-00A0C91BC942}") = "bin2c", "bin2c\bin2c.vcproj", "{D7D13141-3B21-4A7F-B57B-79B7BBF0404B}"
EndProject
Project("{8BC9CEB8-8B4A-11D0-8D11-00A0C91BC942}") = "gdevice", "gdevice\gdevice.vcproj", "{4C5E1C57-34D7-46A4-AD34-2D86D74176E9}"
	ProjectSection(ProjectDependencies) = postProject
		{D7D13141-3B21-4A7F-B57B-79B7BBF0404B} = {D7D13141-3B21-4A7F-B57B-79B7BBF0404B}
	EndProjectSection
EndProject
Project("{8BC9CEB8-8B4A-11D0-8D11-00A0C91BC942}") = "walker", "walker\walker.vcproj", "{36B6109E-76A8-4081-A1F0-C1868B33CF5C}"
	ProjectSection(ProjectDependencies) = postProject
		{D7D13141-3B21-4A7F-B57B-79B7BBF0404B} = {D7D13141-3B21-4A7F-B57B-79B7BBF0404B}
		{4C5E1C57-34D7-46A4-AD34-2D86D74176E9} = {4C5E1C57-34D7-46A4-AD34-2D86D74176E9}
	EndProjectSection
EndProject
Global
	GlobalSection(SolutionConfigurationPlatforms) = preSolution
		Debug|Any CPU = Debug|Any CPU
		Debug|Mixed Platforms = Debug|Mixed Platforms
		Debug|Win32 = Debug|Win32
		Release|Any CPU = Release|Any CPU
		Release|Mixed Platforms = Release|Mixed Platforms
		Release|Win32 = Release|Win32
	EndGlobalSection
	GlobalSection(ProjectConfigurationPlatforms) = postSolution
		{D7D13141-3B21-4A7F-B57B-79B7BBF0404B}.Debug|Any CPU.ActiveCfg = Debug|Win32
		{D7D13141-3B21-4A7F-B57B-79B7BBF0404B}.Debug|Mixed Platforms.ActiveCfg = Debug|Win32
		{D7D13141-3B21-4A7F-B57B-79B7BBF0404B}.Debug|Mixed Platforms.Build.0 = Debug|Win32
		{D7D13141-3B21-4A7F-B57B-79B7BBF0404B}.Debug|Win32.ActiveCfg = Debug|Win32
		{D7D13141-3B21-4A7F-B57B-79B7BBF0404B}.Debug|Win32.Build.0 = Debug|Win32
		{D7D13141-3B21-4A7F-B57B-79B7BBF0404B}.Release|Any CPU.ActiveCfg = Release|Win32
		{D7D13141-3B21-4A7F-B57B-79B7BBF0404B}.Release|Mixed Platforms.ActiveCfg = Release|Win32
		{D7D13141-3B21-4A7F-B57B-79B7BBF0404B}.Release|Mixed Platforms.Build.0 = Release|Win32
		{D7D13141-3B21-4A7F-B57B-79B7BBF0404B}.Release|Win32.ActiveCfg = Release|Win32
		{D7D13141-3B21-4A7F-B57B-79B7BBF0404B}.Release|Win32.Build.0 = Release|Win32
		{4C5E1C57-34D7-46A4-AD34-2D86D74176E9}.Debug|Any CPU.ActiveCfg = Debug|Win32
		{4C5E1C57-34D7-46A4-AD34-2D86D74176E9}.Debug|Mixed Platforms.ActiveCfg = Debug|Win32
		{4C5E1C57-34D7-46A4-AD34-2D86D74176E9}.Debug|Mixed Platforms.Build.0 = Debug|Win32
		{4C5E1C57-34D7-46A4-AD34-2D86D74176E9}.Debug|Win32.ActiveCfg = Debug|Win32
		{4C5E1C57-34D7-46A4-AD34-2D86D74176E9}.Debug|Win32.Build.0 = Debug|Win32
		{4C5E1C57-34D7-46A4-AD34-2D86D74176E9}.Release|Any CPU.ActiveCfg = Release|Win32
		{4C5E1C57-34D7-46A4-AD34-2D86D74176E9}.Release|Mixed Platforms.ActiveCfg = Release|Win32
		{4C5E1C57-34D7-46A4-AD34-2D86D74176E9}.Release|Mixed Platforms.Build.0 = Release|Win32
		{4C5E1C57-34D7-46A4-AD34-2D86D74176E9}.Release|Win32.ActiveCfg = Release|Win32
		{4C5E1C57-34D7-46A4-AD34-2D86D74176E9}.Release|Win32.Build.0 = Release|Win32
		{36B6109E-76A8-4081-A1F0-C1868B33CF5C}.Debug|Any CPU.ActiveCfg = Debug|Win32
		{36B6109E-76A8-4081-A1F0-C1868B33CF5C}.Debug|Mixed Platforms.ActiveCfg = Debug|Win32
		{36B6109E-76A8-4081-A1F0-C1868B33CF5C}.Debug|Mixed Platforms.Build.0 = Debug|Win32
		{36B6109E-76A8-4081-A1F0-C1868B33CF5C}.Debug|Win32.ActiveCfg = Debug|Win32
		{36B6109E-76A8-4081-A1F0-C1868B33CF5C}.Debug|Win32.Build.0 = Debug|Win32
		{36B6109E-76A8-4081-A1F0-C1868B33CF5C}.Release|Any CPU.ActiveCfg = Release|Win32
		{36B6109E-76A8-4081-A1F0-C1868B33CF5C}.Release|Mixed Platforms.ActiveCfg = Release|Win32
		{36B6109E-76A8-4081-A1F0-C1868B33CF5C}.Release|Mixed Platforms.Build.0 = Release|Win32
		{36B6109E-76A8-4081-A1F0-C1868B33CF5C}.Release|Win32.ActiveCfg = Release|Win32
		{36B6109E-76A8-4081-A1F0-C1868B33CF5C}.Release|Win32.Build.0 = Release|Win32
	EndGlobalSection
	GlobalSection(SolutionProperties) = preSolution
		HideSolutionNode = FALSE
	EndGlobalSection
EndGlobal
